
Microsoft Visual Studio Solution File, Format Version 12.00
# Visual Studio 15
Project("{FAE04EC0-301F-11D3-BF4B-00C04F79EFBC}") = "Assembly-CSharp", "Assembly-CSharp.csproj", "{551BAF60-A41C-F9C2-51F0-E74A9EDA6EA6}"
EndProject
Project("{FAE04EC0-301F-11D3-BF4B-00C04F79EFBC}") = "Assembly-CSharp-Editor", "Assembly-CSharp-Editor.csproj", "{F7A53C10-B6BF-D45B-708F-55DD76E9C6C8}"
EndProject
Global
	GlobalSection(SolutionConfigurationPlatforms) = preSolution
		Debug|Any CPU = Debug|Any CPU
		Release|Any CPU = Release|Any CPU
	EndGlobalSection
	GlobalSection(ProjectConfigurationPlatforms) = postSolution
		{551BAF60-A41C-F9C2-51F0-E74A9EDA6EA6}.Debug|Any CPU.ActiveCfg = Debug|Any CPU
		{551BAF60-A41C-F9C2-51F0-E74A9EDA6EA6}.Debug|Any CPU.Build.0 = Debug|Any CPU
		{551BAF60-A41C-F9C2-51F0-E74A9EDA6EA6}.Release|Any CPU.ActiveCfg = Release|Any CPU
		{551BAF60-A41C-F9C2-51F0-E74A9EDA6EA6}.Release|Any CPU.Build.0 = Release|Any CPU
		{F7A53C10-B6BF-D45B-708F-55DD76E9C6C8}.Debug|Any CPU.ActiveCfg = Debug|Any CPU
		{F7A53C10-B6BF-D45B-708F-55DD76E9C6C8}.Debug|Any CPU.Build.0 = Debug|Any CPU
		{F7A53C10-B6BF-D45B-708F-55DD76E9C6C8}.Release|Any CPU.ActiveCfg = Release|Any CPU
		{F7A53C10-B6BF-D45B-708F-55DD76E9C6C8}.Release|Any CPU.Build.0 = Release|Any CPU
	EndGlobalSection
	GlobalSection(SolutionProperties) = preSolution
		HideSolutionNode = FALSE
	EndGlobalSection
EndGlobal
